
Microsoft Visual Studio Solution File, Format Version 12.00
# Visual Studio Version 17
VisualStudioVersion = 17.7.34202.233
MinimumVisualStudioVersion = 10.0.40219.1
Project("{8BC9CEB8-8B4A-11D0-8D11-00A0C91BC942}") = "UDPServer", "Sample.vcxproj", "{0195644B-4176-45D8-B99D-40DAD4182C1C}"
EndProject
Project("{8BC9CEB8-8B4A-11D0-8D11-00A0C91BC942}") = "TCPServer", "..\TCP\TCP.vcxproj", "{F81E29C1-6878-4DB0-A955-D44D279E08D4}"
EndProject
Project("{2150E333-8FDC-42A3-9474-1A3956D46DE8}") = "01 TCP", "01 TCP", "{252CCCAF-91C3-4CF9-8013-168D72C5ABA2}"
EndProject
Project("{8BC9CEB8-8B4A-11D0-8D11-00A0C91BC942}") = "TCPClient", "..\TCPClient\TCPClient.vcxproj", "{863DD28B-E430-4E40-BCBF-4854D1360912}"
EndProject
Project("{2150E333-8FDC-42A3-9474-1A3956D46DE8}") = "00 UDP", "00 UDP", "{B0DD2DED-8311-4280-AF21-45C4BDBD55AD}"
EndProject
Project("{2150E333-8FDC-42A3-9474-1A3956D46DE8}") = "02 OverlappedIOServer", "02 OverlappedIOServer", "{3759B71E-3F0B-4140-94BC-A129041A48E7}"
EndProject
Project("{8BC9CEB8-8B4A-11D0-8D11-00A0C91BC942}") = "Overlapped_IO_Server", "..\Overlapped_IO_Server\Overlapped_IO_Server.vcxproj", "{BDCCEB8F-E3F5-4561-8183-B3B34D6F86A7}"
EndProject
Project("{8BC9CEB8-8B4A-11D0-8D11-00A0C91BC942}") = "Overlapped_IO_Server2", "..\Overlapped_IO_Server2\Overlapped_IO_Server2.vcxproj", "{07455E2D-0964-4D89-AF7F-47A793B97E46}"
EndProject
Project("{2150E333-8FDC-42A3-9474-1A3956D46DE8}") = "03 class", "03 class", "{A2A11B5C-5659-4679-A441-E3F205805804}"
EndProject
Project("{8BC9CEB8-8B4A-11D0-8D11-00A0C91BC942}") = "class", "..\class\class.vcxproj", "{C159BC92-3C5C-4A5B-BC23-9A59C446F38A}"
EndProject
Project("{2150E333-8FDC-42A3-9474-1A3956D46DE8}") = "04 DesignPattern", "04 DesignPattern", "{7CA6F33E-853A-4495-B2EE-8116E3CF2F84}"
EndProject
Project("{8BC9CEB8-8B4A-11D0-8D11-00A0C91BC942}") = "상태패턴", "..\상태패턴\상태패턴.vcxproj", "{CA56A32D-6564-4BD4-82E5-E6AB037CB3A2}"
EndProject
Global
	GlobalSection(SolutionConfigurationPlatforms) = preSolution
		Debug|x64 = Debug|x64
		Debug|x86 = Debug|x86
		Release|x64 = Release|x64
		Release|x86 = Release|x86
	EndGlobalSection
	GlobalSection(ProjectConfigurationPlatforms) = postSolution
		{0195644B-4176-45D8-B99D-40DAD4182C1C}.Debug|x64.ActiveCfg = Debug|x64
		{0195644B-4176-45D8-B99D-40DAD4182C1C}.Debug|x64.Build.0 = Debug|x64
		{0195644B-4176-45D8-B99D-40DAD4182C1C}.Debug|x86.ActiveCfg = Debug|Win32
		{0195644B-4176-45D8-B99D-40DAD4182C1C}.Debug|x86.Build.0 = Debug|Win32
		{0195644B-4176-45D8-B99D-40DAD4182C1C}.Release|x64.ActiveCfg = Release|x64
		{0195644B-4176-45D8-B99D-40DAD4182C1C}.Release|x64.Build.0 = Release|x64
		{0195644B-4176-45D8-B99D-40DAD4182C1C}.Release|x86.ActiveCfg = Release|Win32
		{0195644B-4176-45D8-B99D-40DAD4182C1C}.Release|x86.Build.0 = Release|Win32
		{F81E29C1-6878-4DB0-A955-D44D279E08D4}.Debug|x64.ActiveCfg = Debug|x64
		{F81E29C1-6878-4DB0-A955-D44D279E08D4}.Debug|x64.Build.0 = Debug|x64
		{F81E29C1-6878-4DB0-A955-D44D279E08D4}.Debug|x86.ActiveCfg = Debug|Win32
		{F81E29C1-6878-4DB0-A955-D44D279E08D4}.Debug|x86.Build.0 = Debug|Win32
		{F81E29C1-6878-4DB0-A955-D44D279E08D4}.Release|x64.ActiveCfg = Release|x64
		{F81E29C1-6878-4DB0-A955-D44D279E08D4}.Release|x64.Build.0 = Release|x64
		{F81E29C1-6878-4DB0-A955-D44D279E08D4}.Release|x86.ActiveCfg = Release|Win32
		{F81E29C1-6878-4DB0-A955-D44D279E08D4}.Release|x86.Build.0 = Release|Win32
		{863DD28B-E430-4E40-BCBF-4854D1360912}.Debug|x64.ActiveCfg = Debug|x64
		{863DD28B-E430-4E40-BCBF-4854D1360912}.Debug|x64.Build.0 = Debug|x64
		{863DD28B-E430-4E40-BCBF-4854D1360912}.Debug|x86.ActiveCfg = Debug|Win32
		{863DD28B-E430-4E40-BCBF-4854D1360912}.Debug|x86.Build.0 = Debug|Win32
		{863DD28B-E430-4E40-BCBF-4854D1360912}.Release|x64.ActiveCfg = Release|x64
		{863DD28B-E430-4E40-BCBF-4854D1360912}.Release|x64.Build.0 = Release|x64
		{863DD28B-E430-4E40-BCBF-4854D1360912}.Release|x86.ActiveCfg = Release|Win32
		{863DD28B-E430-4E40-BCBF-4854D1360912}.Release|x86.Build.0 = Release|Win32
		{BDCCEB8F-E3F5-4561-8183-B3B34D6F86A7}.Debug|x64.ActiveCfg = Debug|x64
		{BDCCEB8F-E3F5-4561-8183-B3B34D6F86A7}.Debug|x64.Build.0 = Debug|x64
		{BDCCEB8F-E3F5-4561-8183-B3B34D6F86A7}.Debug|x86.ActiveCfg = Debug|Win32
		{BDCCEB8F-E3F5-4561-8183-B3B34D6F86A7}.Debug|x86.Build.0 = Debug|Win32
		{BDCCEB8F-E3F5-4561-8183-B3B34D6F86A7}.Release|x64.ActiveCfg = Release|x64
		{BDCCEB8F-E3F5-4561-8183-B3B34D6F86A7}.Release|x64.Build.0 = Release|x64
		{BDCCEB8F-E3F5-4561-8183-B3B34D6F86A7}.Release|x86.ActiveCfg = Release|Win32
		{BDCCEB8F-E3F5-4561-8183-B3B34D6F86A7}.Release|x86.Build.0 = Release|Win32
		{07455E2D-0964-4D89-AF7F-47A793B97E46}.Debug|x64.ActiveCfg = Debug|x64
		{07455E2D-0964-4D89-AF7F-47A793B97E46}.Debug|x64.Build.0 = Debug|x64
		{07455E2D-0964-4D89-AF7F-47A793B97E46}.Debug|x86.ActiveCfg = Debug|Win32
		{07455E2D-0964-4D89-AF7F-47A793B97E46}.Debug|x86.Build.0 = Debug|Win32
		{07455E2D-0964-4D89-AF7F-47A793B97E46}.Release|x64.ActiveCfg = Release|x64
		{07455E2D-0964-4D89-AF7F-47A793B97E46}.Release|x64.Build.0 = Release|x64
		{07455E2D-0964-4D89-AF7F-47A793B97E46}.Release|x86.ActiveCfg = Release|Win32
		{07455E2D-0964-4D89-AF7F-47A793B97E46}.Release|x86.Build.0 = Release|Win32
		{C159BC92-3C5C-4A5B-BC23-9A59C446F38A}.Debug|x64.ActiveCfg = Debug|x64
		{C159BC92-3C5C-4A5B-BC23-9A59C446F38A}.Debug|x64.Build.0 = Debug|x64
		{C159BC92-3C5C-4A5B-BC23-9A59C446F38A}.Debug|x86.ActiveCfg = Debug|Win32
		{C159BC92-3C5C-4A5B-BC23-9A59C446F38A}.Debug|x86.Build.0 = Debug|Win32
		{C159BC92-3C5C-4A5B-BC23-9A59C446F38A}.Release|x64.ActiveCfg = Release|x64
		{C159BC92-3C5C-4A5B-BC23-9A59C446F38A}.Release|x64.Build.0 = Release|x64
		{C159BC92-3C5C-4A5B-BC23-9A59C446F38A}.Release|x86.ActiveCfg = Release|Win32
		{C159BC92-3C5C-4A5B-BC23-9A59C446F38A}.Release|x86.Build.0 = Release|Win32
		{CA56A32D-6564-4BD4-82E5-E6AB037CB3A2}.Debug|x64.ActiveCfg = Debug|x64
		{CA56A32D-6564-4BD4-82E5-E6AB037CB3A2}.Debug|x64.Build.0 = Debug|x64
		{CA56A32D-6564-4BD4-82E5-E6AB037CB3A2}.Debug|x86.ActiveCfg = Debug|Win32
		{CA56A32D-6564-4BD4-82E5-E6AB037CB3A2}.Debug|x86.Build.0 = Debug|Win32
		{CA56A32D-6564-4BD4-82E5-E6AB037CB3A2}.Release|x64.ActiveCfg = Release|x64
		{CA56A32D-6564-4BD4-82E5-E6AB037CB3A2}.Release|x64.Build.0 = Release|x64
		{CA56A32D-6564-4BD4-82E5-E6AB037CB3A2}.Release|x86.ActiveCfg = Release|Win32
		{CA56A32D-6564-4BD4-82E5-E6AB037CB3A2}.Release|x86.Build.0 = Release|Win32
	EndGlobalSection
	GlobalSection(SolutionProperties) = preSolution
		HideSolutionNode = FALSE
	EndGlobalSection
	GlobalSection(NestedProjects) = preSolution
		{0195644B-4176-45D8-B99D-40DAD4182C1C} = {B0DD2DED-8311-4280-AF21-45C4BDBD55AD}
		{F81E29C1-6878-4DB0-A955-D44D279E08D4} = {252CCCAF-91C3-4CF9-8013-168D72C5ABA2}
		{863DD28B-E430-4E40-BCBF-4854D1360912} = {252CCCAF-91C3-4CF9-8013-168D72C5ABA2}
		{BDCCEB8F-E3F5-4561-8183-B3B34D6F86A7} = {3759B71E-3F0B-4140-94BC-A129041A48E7}
		{07455E2D-0964-4D89-AF7F-47A793B97E46} = {3759B71E-3F0B-4140-94BC-A129041A48E7}
		{C159BC92-3C5C-4A5B-BC23-9A59C446F38A} = {A2A11B5C-5659-4679-A441-E3F205805804}
		{CA56A32D-6564-4BD4-82E5-E6AB037CB3A2} = {7CA6F33E-853A-4495-B2EE-8116E3CF2F84}
	EndGlobalSection
	GlobalSection(ExtensibilityGlobals) = postSolution
		SolutionGuid = {F6E1D5A5-1DEE-4576-8E5A-4117B3FE5CC4}
	EndGlobalSection
EndGlobal
